
Microsoft Visual Studio Solution File, Format Version 12.00
# Visual Studio Version 17
VisualStudioVersion = 17.5.33424.131
MinimumVisualStudioVersion = 10.0.40219.1
Project("{F184B08F-C81C-45F6-A57F-5ABD9991F28F}") = "GuiadeEjercicio(LILIANADEPAZ)", "GuiadeEjercicio(LILIANADEPAZ).vbproj", "{9B74BFFE-C3FF-4A59-BF85-40E9AC356B84}"
EndProject
Global
	GlobalSection(SolutionConfigurationPlatforms) = preSolution
		Debug|Any CPU = Debug|Any CPU
		Release|Any CPU = Release|Any CPU
	EndGlobalSection
	GlobalSection(ProjectConfigurationPlatforms) = postSolution
		{9B74BFFE-C3FF-4A59-BF85-40E9AC356B84}.Debug|Any CPU.ActiveCfg = Debug|Any CPU
		{9B74BFFE-C3FF-4A59-BF85-40E9AC356B84}.Debug|Any CPU.Build.0 = Debug|Any CPU
		{9B74BFFE-C3FF-4A59-BF85-40E9AC356B84}.Release|Any CPU.ActiveCfg = Release|Any CPU
		{9B74BFFE-C3FF-4A59-BF85-40E9AC356B84}.Release|Any CPU.Build.0 = Release|Any CPU
	EndGlobalSection
	GlobalSection(SolutionProperties) = preSolution
		HideSolutionNode = FALSE
	EndGlobalSection
	GlobalSection(ExtensibilityGlobals) = postSolution
		SolutionGuid = {061EDB47-5718-4E2B-8E4E-E752BFD28B05}
	EndGlobalSection
EndGlobal
